
Microsoft Visual Studio Solution File, Format Version 12.00
# Visual Studio 15
VisualStudioVersion = 15.0.28307.136
MinimumVisualStudioVersion = 10.0.40219.1
Project("{888888A0-9F3D-457C-B088-3A5042F75D52}") = "WigWam", "WigWam\WigWam.pyproj", "{59C1538D-EF20-40D5-B4FD-286DBC095DA0}"
EndProject
Global
	GlobalSection(SolutionConfigurationPlatforms) = preSolution
		Debug|Any CPU = Debug|Any CPU
		Release|Any CPU = Release|Any CPU
	EndGlobalSection
	GlobalSection(ProjectConfigurationPlatforms) = postSolution
		{59C1538D-EF20-40D5-B4FD-286DBC095DA0}.Debug|Any CPU.ActiveCfg = Debug|Any CPU
		{59C1538D-EF20-40D5-B4FD-286DBC095DA0}.Release|Any CPU.ActiveCfg = Release|Any CPU
	EndGlobalSection
	GlobalSection(SolutionProperties) = preSolution
		HideSolutionNode = FALSE
	EndGlobalSection
	GlobalSection(ExtensibilityGlobals) = postSolution
		SolutionGuid = {A23F5088-971F-48F9-A4C2-AD8EFAE0C71A}
	EndGlobalSection
EndGlobal
